
Microsoft Visual Studio Solution File, Format Version 12.00
# Visual Studio 15
VisualStudioVersion = 15.0.27428.2002
MinimumVisualStudioVersion = 10.0.40219.1
Project("{FAE04EC0-301F-11D3-BF4B-00C04F79EFBC}") = "Netcracker", "Netcracker\Netcracker.csproj", "{D08DB099-66E8-4760-94DD-343E6F300F2C}"
EndProject
Global
	GlobalSection(SolutionConfigurationPlatforms) = preSolution
		Debug|Any CPU = Debug|Any CPU
		Release|Any CPU = Release|Any CPU
	EndGlobalSection
	GlobalSection(ProjectConfigurationPlatforms) = postSolution
		{D08DB099-66E8-4760-94DD-343E6F300F2C}.Debug|Any CPU.ActiveCfg = Debug|Any CPU
		{D08DB099-66E8-4760-94DD-343E6F300F2C}.Debug|Any CPU.Build.0 = Debug|Any CPU
		{D08DB099-66E8-4760-94DD-343E6F300F2C}.Release|Any CPU.ActiveCfg = Release|Any CPU
		{D08DB099-66E8-4760-94DD-343E6F300F2C}.Release|Any CPU.Build.0 = Release|Any CPU
	EndGlobalSection
	GlobalSection(SolutionProperties) = preSolution
		HideSolutionNode = FALSE
	EndGlobalSection
	GlobalSection(ExtensibilityGlobals) = postSolution
		SolutionGuid = {F2B6913F-F9AF-4F82-823E-62194A57AED2}
	EndGlobalSection
EndGlobal
